
Microsoft Visual Studio Solution File, Format Version 12.00
# Visual Studio 15
VisualStudioVersion = 15.0.26124.0
MinimumVisualStudioVersion = 15.0.26124.0
Project("{FAE04EC0-301F-11D3-BF4B-00C04F79EFBC}") = "API", "API\API.csproj", "{F8DFE07D-4173-4F83-B964-6823276EE999}"
EndProject
Project("{FAE04EC0-301F-11D3-BF4B-00C04F79EFBC}") = "CoreEntity", "CoreEntity\CoreEntity.csproj", "{C80B999F-ABE0-453B-9F60-0CA82C82CCB8}"
EndProject
Project("{FAE04EC0-301F-11D3-BF4B-00C04F79EFBC}") = "Infrastructure", "Infrastructure\Infrastructure.csproj", "{7C832E61-1A95-4B7A-9264-3CF0D2193084}"
EndProject
Global
	GlobalSection(SolutionConfigurationPlatforms) = preSolution
		Debug|Any CPU = Debug|Any CPU
		Debug|x64 = Debug|x64
		Debug|x86 = Debug|x86
		Release|Any CPU = Release|Any CPU
		Release|x64 = Release|x64
		Release|x86 = Release|x86
	EndGlobalSection
	GlobalSection(SolutionProperties) = preSolution
		HideSolutionNode = FALSE
	EndGlobalSection
	GlobalSection(ProjectConfigurationPlatforms) = postSolution
		{F8DFE07D-4173-4F83-B964-6823276EE999}.Debug|Any CPU.ActiveCfg = Debug|Any CPU
		{F8DFE07D-4173-4F83-B964-6823276EE999}.Debug|Any CPU.Build.0 = Debug|Any CPU
		{F8DFE07D-4173-4F83-B964-6823276EE999}.Debug|x64.ActiveCfg = Debug|Any CPU
		{F8DFE07D-4173-4F83-B964-6823276EE999}.Debug|x64.Build.0 = Debug|Any CPU
		{F8DFE07D-4173-4F83-B964-6823276EE999}.Debug|x86.ActiveCfg = Debug|Any CPU
		{F8DFE07D-4173-4F83-B964-6823276EE999}.Debug|x86.Build.0 = Debug|Any CPU
		{F8DFE07D-4173-4F83-B964-6823276EE999}.Release|Any CPU.ActiveCfg = Release|Any CPU
		{F8DFE07D-4173-4F83-B964-6823276EE999}.Release|Any CPU.Build.0 = Release|Any CPU
		{F8DFE07D-4173-4F83-B964-6823276EE999}.Release|x64.ActiveCfg = Release|Any CPU
		{F8DFE07D-4173-4F83-B964-6823276EE999}.Release|x64.Build.0 = Release|Any CPU
		{F8DFE07D-4173-4F83-B964-6823276EE999}.Release|x86.ActiveCfg = Release|Any CPU
		{F8DFE07D-4173-4F83-B964-6823276EE999}.Release|x86.Build.0 = Release|Any CPU
		{C80B999F-ABE0-453B-9F60-0CA82C82CCB8}.Debug|Any CPU.ActiveCfg = Debug|Any CPU
		{C80B999F-ABE0-453B-9F60-0CA82C82CCB8}.Debug|Any CPU.Build.0 = Debug|Any CPU
		{C80B999F-ABE0-453B-9F60-0CA82C82CCB8}.Debug|x64.ActiveCfg = Debug|Any CPU
		{C80B999F-ABE0-453B-9F60-0CA82C82CCB8}.Debug|x64.Build.0 = Debug|Any CPU
		{C80B999F-ABE0-453B-9F60-0CA82C82CCB8}.Debug|x86.ActiveCfg = Debug|Any CPU
		{C80B999F-ABE0-453B-9F60-0CA82C82CCB8}.Debug|x86.Build.0 = Debug|Any CPU
		{C80B999F-ABE0-453B-9F60-0CA82C82CCB8}.Release|Any CPU.ActiveCfg = Release|Any CPU
		{C80B999F-ABE0-453B-9F60-0CA82C82CCB8}.Release|Any CPU.Build.0 = Release|Any CPU
		{C80B999F-ABE0-453B-9F60-0CA82C82CCB8}.Release|x64.ActiveCfg = Release|Any CPU
		{C80B999F-ABE0-453B-9F60-0CA82C82CCB8}.Release|x64.Build.0 = Release|Any CPU
		{C80B999F-ABE0-453B-9F60-0CA82C82CCB8}.Release|x86.ActiveCfg = Release|Any CPU
		{C80B999F-ABE0-453B-9F60-0CA82C82CCB8}.Release|x86.Build.0 = Release|Any CPU
		{7C832E61-1A95-4B7A-9264-3CF0D2193084}.Debug|Any CPU.ActiveCfg = Debug|Any CPU
		{7C832E61-1A95-4B7A-9264-3CF0D2193084}.Debug|Any CPU.Build.0 = Debug|Any CPU
		{7C832E61-1A95-4B7A-9264-3CF0D2193084}.Debug|x64.ActiveCfg = Debug|Any CPU
		{7C832E61-1A95-4B7A-9264-3CF0D2193084}.Debug|x64.Build.0 = Debug|Any CPU
		{7C832E61-1A95-4B7A-9264-3CF0D2193084}.Debug|x86.ActiveCfg = Debug|Any CPU
		{7C832E61-1A95-4B7A-9264-3CF0D2193084}.Debug|x86.Build.0 = Debug|Any CPU
		{7C832E61-1A95-4B7A-9264-3CF0D2193084}.Release|Any CPU.ActiveCfg = Release|Any CPU
		{7C832E61-1A95-4B7A-9264-3CF0D2193084}.Release|Any CPU.Build.0 = Release|Any CPU
		{7C832E61-1A95-4B7A-9264-3CF0D2193084}.Release|x64.ActiveCfg = Release|Any CPU
		{7C832E61-1A95-4B7A-9264-3CF0D2193084}.Release|x64.Build.0 = Release|Any CPU
		{7C832E61-1A95-4B7A-9264-3CF0D2193084}.Release|x86.ActiveCfg = Release|Any CPU
		{7C832E61-1A95-4B7A-9264-3CF0D2193084}.Release|x86.Build.0 = Release|Any CPU
	EndGlobalSection
EndGlobal
